
Microsoft Visual Studio Solution File, Format Version 12.00
# Visual Studio Version 16
VisualStudioVersion = 16.0.29209.62
MinimumVisualStudioVersion = 10.0.40219.1
Project("{9A19103F-16F7-4668-BE54-9A1E7A4F7556}") = "AddressBook", "Address Book\AddressBook.csproj", "{91DAC5DF-09C4-42C6-AA72-0C74B0217ED3}"
EndProject
Project("{9A19103F-16F7-4668-BE54-9A1E7A4F7556}") = "AddressBookTests", "AddressBookTests\AddressBookTests.csproj", "{EEF96794-D17D-428B-A6E0-82B058F1897B}"
	ProjectSection(ProjectDependencies) = postProject
		{91DAC5DF-09C4-42C6-AA72-0C74B0217ED3} = {91DAC5DF-09C4-42C6-AA72-0C74B0217ED3}
	EndProjectSection
EndProject
Global
	GlobalSection(SolutionConfigurationPlatforms) = preSolution
		Debug|Any CPU = Debug|Any CPU
		Release|Any CPU = Release|Any CPU
	EndGlobalSection
	GlobalSection(ProjectConfigurationPlatforms) = postSolution
		{91DAC5DF-09C4-42C6-AA72-0C74B0217ED3}.Debug|Any CPU.ActiveCfg = Debug|Any CPU
		{91DAC5DF-09C4-42C6-AA72-0C74B0217ED3}.Debug|Any CPU.Build.0 = Debug|Any CPU
		{91DAC5DF-09C4-42C6-AA72-0C74B0217ED3}.Release|Any CPU.ActiveCfg = Release|Any CPU
		{91DAC5DF-09C4-42C6-AA72-0C74B0217ED3}.Release|Any CPU.Build.0 = Release|Any CPU
		{EEF96794-D17D-428B-A6E0-82B058F1897B}.Debug|Any CPU.ActiveCfg = Debug|Any CPU
		{EEF96794-D17D-428B-A6E0-82B058F1897B}.Debug|Any CPU.Build.0 = Debug|Any CPU
		{EEF96794-D17D-428B-A6E0-82B058F1897B}.Release|Any CPU.ActiveCfg = Release|Any CPU
		{EEF96794-D17D-428B-A6E0-82B058F1897B}.Release|Any CPU.Build.0 = Release|Any CPU
	EndGlobalSection
	GlobalSection(SolutionProperties) = preSolution
		HideSolutionNode = FALSE
	EndGlobalSection
	GlobalSection(ExtensibilityGlobals) = postSolution
		SolutionGuid = {72BDAAF7-A124-4D70-9527-5EBE35EA7FB4}
	EndGlobalSection
EndGlobal
